// !$*UTF8*$!
{
	archiveVersion = 1;
	classes = {
	};
	objectVersion = 50;
	objects = {

/* Begin PBXBuildFile section */
		0395122A276D6AE900E56E51 /* WaveShapeVer1.swift in Sources */ = {isa = PBXBuildFile; fileRef = 03951229276D6AE900E56E51 /* WaveShapeVer1.swift */; };
		03951235276D6CA600E56E51 /* WaveShapeVer2.swift in Sources */ = {isa = PBXBuildFile; fileRef = 03951234276D6CA600E56E51 /* WaveShapeVer2.swift */; };
		03951238276D6CB200E56E51 /* WaveShapeVer3.swift in Sources */ = {isa = PBXBuildFile; fileRef = 03951237276D6CB200E56E51 /* WaveShapeVer3.swift */; };
		0395123B276D6CBC00E56E51 /* WaveShapeVer4.swift in Sources */ = {isa = PBXBuildFile; fileRef = 0395123A276D6CBC00E56E51 /* WaveShapeVer4.swift */; };
		03AF2401276A42FD00C4D780 /* CustomShapeApp.swift in Sources */ = {isa = PBXBuildFile; fileRef = 03AF2400276A42FD00C4D780 /* CustomShapeApp.swift */; };
		03AF2403276A42FD00C4D780 /* ContentView.swift in Sources */ = {isa = PBXBuildFile; fileRef = 03AF2402276A42FD00C4D780 /* ContentView.swift */; };
		03AF2405276A42FD00C4D780 /* Assets.xcassets in Resources */ = {isa = PBXBuildFile; fileRef = 03AF2404276A42FD00C4D780 /* Assets.xcassets */; };
		03AF2408276A42FD00C4D780 /* Preview Assets.xcassets in Resources */ = {isa = PBXBuildFile; fileRef = 03AF2407276A42FD00C4D780 /* Preview Assets.xcassets */; };
		03AF2412276A491000C4D780 /* InvertedRoundedRectangle.swift in Sources */ = {isa = PBXBuildFile; fileRef = 03AF2411276A491000C4D780 /* InvertedRoundedRectangle.swift */; };
/* End PBXBuildFile section */

/* Begin PBXFileReference section */
		03951229276D6AE900E56E51 /* WaveShapeVer1.swift */ = {isa = PBXFileReference; lastKnownFileType = sourcecode.swift; path = WaveShapeVer1.swift; sourceTree = "<group>"; };
		03951234276D6CA600E56E51 /* WaveShapeVer2.swift */ = {isa = PBXFileReference; lastKnownFileType = sourcecode.swift; path = WaveShapeVer2.swift; sourceTree = "<group>"; };
		03951237276D6CB200E56E51 /* WaveShapeVer3.swift */ = {isa = PBXFileReference; lastKnownFileType = sourcecode.swift; path = WaveShapeVer3.swift; sourceTree = "<group>"; };
		0395123A276D6CBC00E56E51 /* WaveShapeVer4.swift */ = {isa = PBXFileReference; lastKnownFileType = sourcecode.swift; path = WaveShapeVer4.swift; sourceTree = "<group>"; };
		03AF23FD276A42FD00C4D780 /* CustomShape.app */ = {isa = PBXFileReference; explicitFileType = wrapper.application; includeInIndex = 0; path = CustomShape.app; sourceTree = BUILT_PRODUCTS_DIR; };
		03AF2400276A42FD00C4D780 /* CustomShapeApp.swift */ = {isa = PBXFileReference; lastKnownFileType = sourcecode.swift; path = CustomShapeApp.swift; sourceTree = "<group>"; };
		03AF2402276A42FD00C4D780 /* ContentView.swift */ = {isa = PBXFileReference; lastKnownFileType = sourcecode.swift; path = ContentView.swift; sourceTree = "<group>"; };
		03AF2404276A42FD00C4D780 /* Assets.xcassets */ = {isa = PBXFileReference; lastKnownFileType = folder.assetcatalog; path = Assets.xcassets; sourceTree = "<group>"; };
		03AF2407276A42FD00C4D780 /* Preview Assets.xcassets */ = {isa = PBXFileReference; lastKnownFileType = folder.assetcatalog; path = "Preview Assets.xcassets"; sourceTree = "<group>"; };
		03AF2409276A42FD00C4D780 /* Info.plist */ = {isa = PBXFileReference; lastKnownFileType = text.plist.xml; path = Info.plist; sourceTree = "<group>"; };
		03AF2411276A491000C4D780 /* InvertedRoundedRectangle.swift */ = {isa = PBXFileReference; lastKnownFileType = sourcecode.swift; path = InvertedRoundedRectangle.swift; sourceTree = "<group>"; };
/* End PBXFileReference section */

/* Begin PBXFrameworksBuildPhase section */
		03AF23FA276A42FD00C4D780 /* Frameworks */ = {
			isa = PBXFrameworksBuildPhase;
			buildActionMask = 2147483647;
			files = (
			);
			runOnlyForDeploymentPostprocessing = 0;
		};
/* End PBXFrameworksBuildPhase section */

/* Begin PBXGroup section */
		03951228276D6ACB00E56E51 /* WaveShape */ = {
			isa = PBXGroup;
			children = (
				03951229276D6AE900E56E51 /* WaveShapeVer1.swift */,
				03951234276D6CA600E56E51 /* WaveShapeVer2.swift */,
				03951237276D6CB200E56E51 /* WaveShapeVer3.swift */,
				0395123A276D6CBC00E56E51 /* WaveShapeVer4.swift */,
			);
			path = WaveShape;
			sourceTree = "<group>";
		};
		03AF23F4276A42FD00C4D780 = {
			isa = PBXGroup;
			children = (
				03AF23FF276A42FD00C4D780 /* CustomShape */,
				03AF23FE276A42FD00C4D780 /* Products */,
			);
			sourceTree = "<group>";
		};
		03AF23FE276A42FD00C4D780 /* Products */ = {
			isa = PBXGroup;
			children = (
				03AF23FD276A42FD00C4D780 /* CustomShape.app */,
			);
			name = Products;
			sourceTree = "<group>";
		};
		03AF23FF276A42FD00C4D780 /* CustomShape */ = {
			isa = PBXGroup;
			children = (
				03AF2400276A42FD00C4D780 /* CustomShapeApp.swift */,
				03AF2402276A42FD00C4D780 /* ContentView.swift */,
				03951228276D6ACB00E56E51 /* WaveShape */,
				03AF2410276A490600C4D780 /* BasicShape */,
				03AF2404276A42FD00C4D780 /* Assets.xcassets */,
				03AF2409276A42FD00C4D780 /* Info.plist */,
				03AF2406276A42FD00C4D780 /* Preview Content */,
			);
			path = CustomShape;
			sourceTree = "<group>";
		};
		03AF2406276A42FD00C4D780 /* Preview Content */ = {
			isa = PBXGroup;
			children = (
				03AF2407276A42FD00C4D780 /* Preview Assets.xcassets */,
			);
			path = "Preview Content";
			sourceTree = "<group>";
		};
		03AF2410276A490600C4D780 /* BasicShape */ = {
			isa = PBXGroup;
			children = (
				03AF2411276A491000C4D780 /* InvertedRoundedRectangle.swift */,
			);
			path = BasicShape;
			sourceTree = "<group>";
		};
/* End PBXGroup section */

/* Begin PBXNativeTarget section */
		03AF23FC276A42FD00C4D780 /* CustomShape */ = {
			isa = PBXNativeTarget;
			buildConfigurationList = 03AF240C276A42FD00C4D780 /* Build configuration list for PBXNativeTarget "CustomShape" */;
			buildPhases = (
				03AF23F9276A42FD00C4D780 /* Sources */,
				03AF23FA276A42FD00C4D780 /* Frameworks */,
				03AF23FB276A42FD00C4D780 /* Resources */,
			);
			buildRules = (
			);
			dependencies = (
			);
			name = CustomShape;
			productName = CustomShape;
			productReference = 03AF23FD276A42FD00C4D780 /* CustomShape.app */;
			productType = "com.apple.product-type.application";
		};
/* End PBXNativeTarget section */

/* Begin PBXProject section */
		03AF23F5276A42FD00C4D780 /* Project object */ = {
			isa = PBXProject;
			attributes = {
				LastSwiftUpdateCheck = 1240;
				LastUpgradeCheck = 1240;
				TargetAttributes = {
					03AF23FC276A42FD00C4D780 = {
						CreatedOnToolsVersion = 12.4;
					};
				};
			};
			buildConfigurationList = 03AF23F8276A42FD00C4D780 /* Build configuration list for PBXProject "CustomShape" */;
			compatibilityVersion = "Xcode 9.3";
			developmentRegion = en;
			hasScannedForEncodings = 0;
			knownRegions = (
				en,
				Base,
			);
			mainGroup = 03AF23F4276A42FD00C4D780;
			productRefGroup = 03AF23FE276A42FD00C4D780 /* Products */;
			projectDirPath = "";
			projectRoot = "";
			targets = (
				03AF23FC276A42FD00C4D780 /* CustomShape */,
			);
		};
/* End PBXProject section */

/* Begin PBXResourcesBuildPhase section */
		03AF23FB276A42FD00C4D780 /* Resources */ = {
			isa = PBXResourcesBuildPhase;
			buildActionMask = 2147483647;
			files = (
				03AF2408276A42FD00C4D780 /* Preview Assets.xcassets in Resources */,
				03AF2405276A42FD00C4D780 /* Assets.xcassets in Resources */,
			);
			runOnlyForDeploymentPostprocessing = 0;
		};
/* End PBXResourcesBuildPhase section */

/* Begin PBXSourcesBuildPhase section */
		03AF23F9276A42FD00C4D780 /* Sources */ = {
			isa = PBXSourcesBuildPhase;
			buildActionMask = 2147483647;
			files = (
				0395123B276D6CBC00E56E51 /* WaveShapeVer4.swift in Sources */,
				03951238276D6CB200E56E51 /* WaveShapeVer3.swift in Sources */,
				0395122A276D6AE900E56E51 /* WaveShapeVer1.swift in Sources */,
				03AF2403276A42FD00C4D780 /* ContentView.swift in Sources */,
				03AF2412276A491000C4D780 /* InvertedRoundedRectangle.swift in Sources */,
				03AF2401276A42FD00C4D780 /* CustomShapeApp.swift in Sources */,
				03951235276D6CA600E56E51 /* WaveShapeVer2.swift in Sources */,
			);
			runOnlyForDeploymentPostprocessing = 0;
		};
/* End PBXSourcesBuildPhase section */

/* Begin XCBuildConfiguration section */
		03AF240A276A42FD00C4D780 /* Debug */ = {
			isa = XCBuildConfiguration;
			buildSettings = {
				ALWAYS_SEARCH_USER_PATHS = NO;
				CLANG_ANALYZER_NONNULL = YES;
				CLANG_ANALYZER_NUMBER_OBJECT_CONVERSION = YES_AGGRESSIVE;
				CLANG_CXX_LANGUAGE_STANDARD = "gnu++14";
				CLANG_CXX_LIBRARY = "libc++";
				CLANG_ENABLE_MODULES = YES;
				CLANG_ENABLE_OBJC_ARC = YES;
				CLANG_ENABLE_OBJC_WEAK = YES;
				CLANG_WARN_BLOCK_CAPTURE_AUTORELEASING = YES;
				CLANG_WARN_BOOL_CONVERSION = YES;
				CLANG_WARN_COMMA = YES;
				CLANG_WARN_CONSTANT_CONVERSION = YES;
				CLANG_WARN_DEPRECATED_OBJC_IMPLEMENTATIONS = YES;
				CLANG_WARN_DIRECT_OBJC_ISA_USAGE = YES_ERROR;
				CLANG_WARN_DOCUMENTATION_COMMENTS = YES;
				CLANG_WARN_EMPTY_BODY = YES;
				CLANG_WARN_ENUM_CONVERSION = YES;
				CLANG_WARN_INFINITE_RECURSION = YES;
				CLANG_WARN_INT_CONVERSION = YES;
				CLANG_WARN_NON_LITERAL_NULL_CONVERSION = YES;
				CLANG_WARN_OBJC_IMPLICIT_RETAIN_SELF = YES;
				CLANG_WARN_OBJC_LITERAL_CONVERSION = YES;
				CLANG_WARN_OBJC_ROOT_CLASS = YES_ERROR;
				CLANG_WARN_QUOTED_INCLUDE_IN_FRAMEWORK_HEADER = YES;
				CLANG_WARN_RANGE_LOOP_ANALYSIS = YES;
				CLANG_WARN_STRICT_PROTOTYPES = YES;
				CLANG_WARN_SUSPICIOUS_MOVE = YES;
				CLANG_WARN_UNGUARDED_AVAILABILITY = YES_AGGRESSIVE;
				CLANG_WARN_UNREACHABLE_CODE = YES;
				CLANG_WARN__DUPLICATE_METHOD_MATCH = YES;
				COPY_PHASE_STRIP = NO;
				DEBUG_INFORMATION_FORMAT = dwarf;
				ENABLE_STRICT_OBJC_MSGSEND = YES;
				ENABLE_TESTABILITY = YES;
				GCC_C_LANGUAGE_STANDARD = gnu11;
				GCC_DYNAMIC_NO_PIC = NO;
				GCC_NO_COMMON_BLOCKS = YES;
				GCC_OPTIMIZATION_LEVEL = 0;
				GCC_PREPROCESSOR_DEFINITIONS = (
					"DEBUG=1",
					"$(inherited)",
				);
				GCC_WARN_64_TO_32_BIT_CONVERSION = YES;
				GCC_WARN_ABOUT_RETURN_TYPE = YES_ERROR;
				GCC_WARN_UNDECLARED_SELECTOR = YES;
				GCC_WARN_UNINITIALIZED_AUTOS = YES_AGGRESSIVE;
				GCC_WARN_UNUSED_FUNCTION = YES;
				GCC_WARN_UNUSED_VARIABLE = YES;
				IPHONEOS_DEPLOYMENT_TARGET = 14.4;
				MTL_ENABLE_DEBUG_INFO = INCLUDE_SOURCE;
				MTL_FAST_MATH = YES;
				ONLY_ACTIVE_ARCH = YES;
				SDKROOT = iphoneos;
				SWIFT_ACTIVE_COMPILATION_CONDITIONS = DEBUG;
				SWIFT_OPTIMIZATION_LEVEL = "-Onone";
			};
			name = Debug;
		};
		03AF240B276A42FD00C4D780 /* Release */ = {
			isa = XCBuildConfiguration;
			buildSettings = {
				ALWAYS_SEARCH_USER_PATHS = NO;
				CLANG_ANALYZER_NONNULL = YES;
				CLANG_ANALYZER_NUMBER_OBJECT_CONVERSION = YES_AGGRESSIVE;
				CLANG_CXX_LANGUAGE_STANDARD = "gnu++14";
				CLANG_CXX_LIBRARY = "libc++";
				CLANG_ENABLE_MODULES = YES;
				CLANG_ENABLE_OBJC_ARC = YES;
				CLANG_ENABLE_OBJC_WEAK = YES;
				CLANG_WARN_BLOCK_CAPTURE_AUTORELEASING = YES;
				CLANG_WARN_BOOL_CONVERSION = YES;
				CLANG_WARN_COMMA = YES;
				CLANG_WARN_CONSTANT_CONVERSION = YES;
				CLANG_WARN_DEPRECATED_OBJC_IMPLEMENTATIONS = YES;
				CLANG_WARN_DIRECT_OBJC_ISA_USAGE = YES_ERROR;
				CLANG_WARN_DOCUMENTATION_COMMENTS = YES;
				CLANG_WARN_EMPTY_BODY = YES;
				CLANG_WARN_ENUM_CONVERSION = YES;
				CLANG_WARN_INFINITE_RECURSION = YES;
				CLANG_WARN_INT_CONVERSION = YES;
				CLANG_WARN_NON_LITERAL_NULL_CONVERSION = YES;
				CLANG_WARN_OBJC_IMPLICIT_RETAIN_SELF = YES;
				CLANG_WARN_OBJC_LITERAL_CONVERSION = YES;
				CLANG_WARN_OBJC_ROOT_CLASS = YES_ERROR;
				CLANG_WARN_QUOTED_INCLUDE_IN_FRAMEWORK_HEADER = YES;
				CLANG_WARN_RANGE_LOOP_ANALYSIS = YES;
				CLANG_WARN_STRICT_PROTOTYPES = YES;
				CLANG_WARN_SUSPICIOUS_MOVE = YES;
				CLANG_WARN_UNGUARDED_AVAILABILITY = YES_AGGRESSIVE;
				CLANG_WARN_UNREACHABLE_CODE = YES;
				CLANG_WARN__DUPLICATE_METHOD_MATCH = YES;
				COPY_PHASE_STRIP = NO;
				DEBUG_INFORMATION_FORMAT = "dwarf-with-dsym";
				ENABLE_NS_ASSERTIONS = NO;
				ENABLE_STRICT_OBJC_MSGSEND = YES;
				GCC_C_LANGUAGE_STANDARD = gnu11;
				GCC_NO_COMMON_BLOCKS = YES;
				GCC_WARN_64_TO_32_BIT_CONVERSION = YES;
				GCC_WARN_ABOUT_RETURN_TYPE = YES_ERROR;
				GCC_WARN_UNDECLARED_SELECTOR = YES;
				GCC_WARN_UNINITIALIZED_AUTOS = YES_AGGRESSIVE;
				GCC_WARN_UNUSED_FUNCTION = YES;
				GCC_WARN_UNUSED_VARIABLE = YES;
				IPHONEOS_DEPLOYMENT_TARGET = 14.4;
				MTL_ENABLE_DEBUG_INFO = NO;
				MTL_FAST_MATH = YES;
				SDKROOT = iphoneos;
				SWIFT_COMPILATION_MODE = wholemodule;
				SWIFT_OPTIMIZATION_LEVEL = "-O";
				VALIDATE_PRODUCT = YES;
			};
			name = Release;
		};
		03AF240D276A42FD00C4D780 /* Debug */ = {
			isa = XCBuildConfiguration;
			buildSettings = {
				ASSETCATALOG_COMPILER_APPICON_NAME = AppIcon;
				ASSETCATALOG_COMPILER_GLOBAL_ACCENT_COLOR_NAME = AccentColor;
				CODE_SIGN_STYLE = Automatic;
				DEVELOPMENT_ASSET_PATHS = "\"CustomShape/Preview Content\"";
				ENABLE_PREVIEWS = YES;
				INFOPLIST_FILE = CustomShape/Info.plist;
				IPHONEOS_DEPLOYMENT_TARGET = 14.0;
				LD_RUNPATH_SEARCH_PATHS = (
					"$(inherited)",
					"@executable_path/Frameworks",
				);
				PRODUCT_BUNDLE_IDENTIFIER = armdnks.CustomShape;
				PRODUCT_NAME = "$(TARGET_NAME)";
				SWIFT_VERSION = 5.0;
				TARGETED_DEVICE_FAMILY = "1,2";
			};
			name = Debug;
		};
		03AF240E276A42FD00C4D780 /* Release */ = {
			isa = XCBuildConfiguration;
			buildSettings = {
				ASSETCATALOG_COMPILER_APPICON_NAME = AppIcon;
				ASSETCATALOG_COMPILER_GLOBAL_ACCENT_COLOR_NAME = AccentColor;
				CODE_SIGN_STYLE = Automatic;
				DEVELOPMENT_ASSET_PATHS = "\"CustomShape/Preview Content\"";
				ENABLE_PREVIEWS = YES;
				INFOPLIST_FILE = CustomShape/Info.plist;
				IPHONEOS_DEPLOYMENT_TARGET = 14.0;
				LD_RUNPATH_SEARCH_PATHS = (
					"$(inherited)",
					"@executable_path/Frameworks",
				);
				PRODUCT_BUNDLE_IDENTIFIER = armdnks.CustomShape;
				PRODUCT_NAME = "$(TARGET_NAME)";
				SWIFT_VERSION = 5.0;
				TARGETED_DEVICE_FAMILY = "1,2";
			};
			name = Release;
		};
/* End XCBuildConfiguration section */

/* Begin XCConfigurationList section */
		03AF23F8276A42FD00C4D780 /* Build configuration list for PBXProject "CustomShape" */ = {
			isa = XCConfigurationList;
			buildConfigurations = (
				03AF240A276A42FD00C4D780 /* Debug */,
				03AF240B276A42FD00C4D780 /* Release */,
			);
			defaultConfigurationIsVisible = 0;
			defaultConfigurationName = Release;
		};
		03AF240C276A42FD00C4D780 /* Build configuration list for PBXNativeTarget "CustomShape" */ = {
			isa = XCConfigurationList;
			buildConfigurations = (
				03AF240D276A42FD00C4D780 /* Debug */,
				03AF240E276A42FD00C4D780 /* Release */,
			);
			defaultConfigurationIsVisible = 0;
			defaultConfigurationName = Release;
		};
/* End XCConfigurationList section */
	};
	rootObject = 03AF23F5276A42FD00C4D780 /* Project object */;
}
